
Microsoft Visual Studio Solution File, Format Version 12.00
# Visual Studio Version 17
VisualStudioVersion = 17.0.32112.339
MinimumVisualStudioVersion = 10.0.40219.1
Project("{FAE04EC0-301F-11D3-BF4B-00C04F79EFBC}") = "Calculate_Arz", "Calculate_Arz\Calculate_Arz.csproj", "{4FE800CF-9DE3-4923-BBC7-AD2D0136DB45}"
EndProject
Global
	GlobalSection(SolutionConfigurationPlatforms) = preSolution
		Debug|Any CPU = Debug|Any CPU
		Release|Any CPU = Release|Any CPU
	EndGlobalSection
	GlobalSection(ProjectConfigurationPlatforms) = postSolution
		{4FE800CF-9DE3-4923-BBC7-AD2D0136DB45}.Debug|Any CPU.ActiveCfg = Debug|Any CPU
		{4FE800CF-9DE3-4923-BBC7-AD2D0136DB45}.Debug|Any CPU.Build.0 = Debug|Any CPU
		{4FE800CF-9DE3-4923-BBC7-AD2D0136DB45}.Release|Any CPU.ActiveCfg = Release|Any CPU
		{4FE800CF-9DE3-4923-BBC7-AD2D0136DB45}.Release|Any CPU.Build.0 = Release|Any CPU
	EndGlobalSection
	GlobalSection(SolutionProperties) = preSolution
		HideSolutionNode = FALSE
	EndGlobalSection
	GlobalSection(ExtensibilityGlobals) = postSolution
		SolutionGuid = {35410809-DD89-414C-B703-F7801BD72109}
	EndGlobalSection
EndGlobal
